
Microsoft Visual Studio Solution File, Format Version 12.00
# Visual Studio 15
VisualStudioVersion = 15.0.27428.2005
MinimumVisualStudioVersion = 10.0.40219.1
Project("{FAE04EC0-301F-11D3-BF4B-00C04F79EFBC}") = "PurgeDemoCommands", "PurgeDemoCommands\PurgeDemoCommands.csproj", "{D652FE6B-7802-4A18-96AE-9D68E50929E3}"
EndProject
Project("{2150E333-8FDC-42A3-9474-1A3956D46DE8}") = "build", "build", "{B2593870-A854-45AF-BF58-F20F631F5209}"
	ProjectSection(SolutionItems) = preProject
		.gitignore = .gitignore
		.travis.yml = .travis.yml
		util\PushTo-GitHub.ps1 = util\PushTo-GitHub.ps1
	EndProjectSection
EndProject
Project("{FAE04EC0-301F-11D3-BF4B-00C04F79EFBC}") = "TF2Net", "TF2Net\TF2Net.csproj", "{2C2AF7CC-4368-4C03-B7E1-356D3BB89F4F}"
EndProject
Project("{FAE04EC0-301F-11D3-BF4B-00C04F79EFBC}") = "BitSet", "BitSet\BitSet.csproj", "{8F8A6380-5B10-4891-AC21-3D03494B3E44}"
EndProject
Project("{FAE04EC0-301F-11D3-BF4B-00C04F79EFBC}") = "DemoLib", "DemoLib\DemoLib.csproj", "{95495901-1A5C-47A2-BB54-8F7EE9004A77}"
EndProject
Project("{FAE04EC0-301F-11D3-BF4B-00C04F79EFBC}") = "PurgeDemoCommands.DemoLib", "PurgeDemoCommands.DemoLib\PurgeDemoCommands.DemoLib.csproj", "{6D8FC0C5-3087-427C-8EEF-4B86D8AD5215}"
EndProject
Project("{FAE04EC0-301F-11D3-BF4B-00C04F79EFBC}") = "PurgeDemoCommands.Core", "PurgeDemoCommands.Core\PurgeDemoCommands.Core.csproj", "{9B444650-558C-4F95-B254-65EBD13EB3C5}"
EndProject
Project("{FAE04EC0-301F-11D3-BF4B-00C04F79EFBC}") = "PurgeDemoCommands.AhoCorasick", "PurgeDemoCommands.AhoCorasick\PurgeDemoCommands.AhoCorasick.csproj", "{8A61F6D2-983E-4D64-9D09-712A0353723E}"
EndProject
Project("{FAE04EC0-301F-11D3-BF4B-00C04F79EFBC}") = "PurgeDemoCommands.Specs", "PurgeDemoCommands.Specs\PurgeDemoCommands.Specs.csproj", "{542294E4-38C7-4861-9972-B7167C2E1DA1}"
EndProject
Project("{2150E333-8FDC-42A3-9474-1A3956D46DE8}") = "Solution Items", "Solution Items", "{F13BD71D-754D-4F10-9ED6-CA8B60D8D354}"
	ProjectSection(SolutionItems) = preProject
		test.runsettings = test.runsettings
	EndProjectSection
EndProject
Project("{FAE04EC0-301F-11D3-BF4B-00C04F79EFBC}") = "PurgeDemoCommands.CompareTests", "PurgeDemoCommands.CompareTests\PurgeDemoCommands.CompareTests.csproj", "{A373FD9B-AC80-49FC-9B60-EA4965C19062}"
EndProject
Project("{FAE04EC0-301F-11D3-BF4B-00C04F79EFBC}") = "PurgeDemoCommands.Sprache", "PurgeDemoCommands.Sprache\PurgeDemoCommands.Sprache.csproj", "{114838AC-B0A3-4188-ABB4-D321702A2C83}"
EndProject
Project("{FAE04EC0-301F-11D3-BF4B-00C04F79EFBC}") = "PurgeDemoCommands.Sprache.Tests", "PurgeDemoCommands.Sprache.Tests\PurgeDemoCommands.Sprache.Tests.csproj", "{A03D6378-75B6-452E-8568-81DE1BE4DAFC}"
EndProject
Global
	GlobalSection(SolutionConfigurationPlatforms) = preSolution
		Debug|Any CPU = Debug|Any CPU
		Release|Any CPU = Release|Any CPU
	EndGlobalSection
	GlobalSection(ProjectConfigurationPlatforms) = postSolution
		{D652FE6B-7802-4A18-96AE-9D68E50929E3}.Debug|Any CPU.ActiveCfg = Debug|Any CPU
		{D652FE6B-7802-4A18-96AE-9D68E50929E3}.Debug|Any CPU.Build.0 = Debug|Any CPU
		{D652FE6B-7802-4A18-96AE-9D68E50929E3}.Release|Any CPU.ActiveCfg = Release|Any CPU
		{D652FE6B-7802-4A18-96AE-9D68E50929E3}.Release|Any CPU.Build.0 = Release|Any CPU
		{2C2AF7CC-4368-4C03-B7E1-356D3BB89F4F}.Debug|Any CPU.ActiveCfg = Release|Any CPU
		{2C2AF7CC-4368-4C03-B7E1-356D3BB89F4F}.Debug|Any CPU.Build.0 = Release|Any CPU
		{2C2AF7CC-4368-4C03-B7E1-356D3BB89F4F}.Release|Any CPU.ActiveCfg = Release|Any CPU
		{2C2AF7CC-4368-4C03-B7E1-356D3BB89F4F}.Release|Any CPU.Build.0 = Release|Any CPU
		{8F8A6380-5B10-4891-AC21-3D03494B3E44}.Debug|Any CPU.ActiveCfg = Release|Any CPU
		{8F8A6380-5B10-4891-AC21-3D03494B3E44}.Debug|Any CPU.Build.0 = Release|Any CPU
		{8F8A6380-5B10-4891-AC21-3D03494B3E44}.Release|Any CPU.ActiveCfg = Release|Any CPU
		{8F8A6380-5B10-4891-AC21-3D03494B3E44}.Release|Any CPU.Build.0 = Release|Any CPU
		{95495901-1A5C-47A2-BB54-8F7EE9004A77}.Debug|Any CPU.ActiveCfg = Release|Any CPU
		{95495901-1A5C-47A2-BB54-8F7EE9004A77}.Debug|Any CPU.Build.0 = Release|Any CPU
		{95495901-1A5C-47A2-BB54-8F7EE9004A77}.Release|Any CPU.ActiveCfg = Release|Any CPU
		{95495901-1A5C-47A2-BB54-8F7EE9004A77}.Release|Any CPU.Build.0 = Release|Any CPU
		{6D8FC0C5-3087-427C-8EEF-4B86D8AD5215}.Debug|Any CPU.ActiveCfg = Debug|Any CPU
		{6D8FC0C5-3087-427C-8EEF-4B86D8AD5215}.Debug|Any CPU.Build.0 = Debug|Any CPU
		{6D8FC0C5-3087-427C-8EEF-4B86D8AD5215}.Release|Any CPU.ActiveCfg = Release|Any CPU
		{6D8FC0C5-3087-427C-8EEF-4B86D8AD5215}.Release|Any CPU.Build.0 = Release|Any CPU
		{9B444650-558C-4F95-B254-65EBD13EB3C5}.Debug|Any CPU.ActiveCfg = Debug|Any CPU
		{9B444650-558C-4F95-B254-65EBD13EB3C5}.Debug|Any CPU.Build.0 = Debug|Any CPU
		{9B444650-558C-4F95-B254-65EBD13EB3C5}.Release|Any CPU.ActiveCfg = Release|Any CPU
		{9B444650-558C-4F95-B254-65EBD13EB3C5}.Release|Any CPU.Build.0 = Release|Any CPU
		{8A61F6D2-983E-4D64-9D09-712A0353723E}.Debug|Any CPU.ActiveCfg = Debug|Any CPU
		{8A61F6D2-983E-4D64-9D09-712A0353723E}.Debug|Any CPU.Build.0 = Debug|Any CPU
		{8A61F6D2-983E-4D64-9D09-712A0353723E}.Release|Any CPU.ActiveCfg = Release|Any CPU
		{8A61F6D2-983E-4D64-9D09-712A0353723E}.Release|Any CPU.Build.0 = Release|Any CPU
		{542294E4-38C7-4861-9972-B7167C2E1DA1}.Debug|Any CPU.ActiveCfg = Debug|Any CPU
		{542294E4-38C7-4861-9972-B7167C2E1DA1}.Debug|Any CPU.Build.0 = Debug|Any CPU
		{542294E4-38C7-4861-9972-B7167C2E1DA1}.Release|Any CPU.ActiveCfg = Release|Any CPU
		{542294E4-38C7-4861-9972-B7167C2E1DA1}.Release|Any CPU.Build.0 = Release|Any CPU
		{A373FD9B-AC80-49FC-9B60-EA4965C19062}.Debug|Any CPU.ActiveCfg = Debug|Any CPU
		{A373FD9B-AC80-49FC-9B60-EA4965C19062}.Debug|Any CPU.Build.0 = Debug|Any CPU
		{A373FD9B-AC80-49FC-9B60-EA4965C19062}.Release|Any CPU.ActiveCfg = Release|Any CPU
		{A373FD9B-AC80-49FC-9B60-EA4965C19062}.Release|Any CPU.Build.0 = Release|Any CPU
		{114838AC-B0A3-4188-ABB4-D321702A2C83}.Debug|Any CPU.ActiveCfg = Debug|Any CPU
		{114838AC-B0A3-4188-ABB4-D321702A2C83}.Debug|Any CPU.Build.0 = Debug|Any CPU
		{114838AC-B0A3-4188-ABB4-D321702A2C83}.Release|Any CPU.ActiveCfg = Release|Any CPU
		{114838AC-B0A3-4188-ABB4-D321702A2C83}.Release|Any CPU.Build.0 = Release|Any CPU
		{A03D6378-75B6-452E-8568-81DE1BE4DAFC}.Debug|Any CPU.ActiveCfg = Debug|Any CPU
		{A03D6378-75B6-452E-8568-81DE1BE4DAFC}.Debug|Any CPU.Build.0 = Debug|Any CPU
		{A03D6378-75B6-452E-8568-81DE1BE4DAFC}.Release|Any CPU.ActiveCfg = Release|Any CPU
		{A03D6378-75B6-452E-8568-81DE1BE4DAFC}.Release|Any CPU.Build.0 = Release|Any CPU
	EndGlobalSection
	GlobalSection(SolutionProperties) = preSolution
		HideSolutionNode = FALSE
	EndGlobalSection
	GlobalSection(ExtensibilityGlobals) = postSolution
		SolutionGuid = {8BD5B60E-BEA7-4656-B333-B5B65BEFDA82}
	EndGlobalSection
EndGlobal
